{
  "name": "Repositorio-teste",
  "version": "1.0.0",
  "lockfileVersion": 3,
  "requires": true,
  "author": "Seu Nome",
  "description": "Um projeto Node.js de exemplo",
  "license": "MIT",
  "main": "index.js",
  "packages": {},
  "devDependencies": {},
  "scripts": {
    "start": "node index.js",
    "test": "echo \"Error: no test specified\" && exit 1"
  }
}
